
Microsoft Visual Studio Solution File, Format Version 12.00
# Visual Studio Version 16
VisualStudioVersion = 16.0.30114.105
MinimumVisualStudioVersion = 10.0.40219.1
Project("{2150E333-8FDC-42A3-9474-1A3956D46DE8}") = "src", "src", "{EB8323C8-4A4B-41D5-9241-6507A1C4E9A4}"
EndProject
Project("{FAE04EC0-301F-11D3-BF4B-00C04F79EFBC}") = "SimpleAPI", "src\SimpleAPI\SimpleAPI.csproj", "{39090622-17A9-4509-A615-804CE973A0A7}"
EndProject
Project("{2150E333-8FDC-42A3-9474-1A3956D46DE8}") = "test", "test", "{9D34D14E-6B82-4F77-81C0-95DD25046C21}"
EndProject
Project("{FAE04EC0-301F-11D3-BF4B-00C04F79EFBC}") = "SimpleAPI.Tests", "test\SimpleAPI.Tests\SimpleAPI.Tests.csproj", "{2BC36CC3-6669-4E85-9C92-1AF97EF116F3}"
EndProject
Global
	GlobalSection(SolutionConfigurationPlatforms) = preSolution
		Debug|Any CPU = Debug|Any CPU
		Release|Any CPU = Release|Any CPU
	EndGlobalSection
	GlobalSection(SolutionProperties) = preSolution
		HideSolutionNode = FALSE
	EndGlobalSection
	GlobalSection(ProjectConfigurationPlatforms) = postSolution
		{39090622-17A9-4509-A615-804CE973A0A7}.Debug|Any CPU.ActiveCfg = Debug|Any CPU
		{39090622-17A9-4509-A615-804CE973A0A7}.Debug|Any CPU.Build.0 = Debug|Any CPU
		{39090622-17A9-4509-A615-804CE973A0A7}.Release|Any CPU.ActiveCfg = Release|Any CPU
		{39090622-17A9-4509-A615-804CE973A0A7}.Release|Any CPU.Build.0 = Release|Any CPU
		{2BC36CC3-6669-4E85-9C92-1AF97EF116F3}.Debug|Any CPU.ActiveCfg = Debug|Any CPU
		{2BC36CC3-6669-4E85-9C92-1AF97EF116F3}.Debug|Any CPU.Build.0 = Debug|Any CPU
		{2BC36CC3-6669-4E85-9C92-1AF97EF116F3}.Release|Any CPU.ActiveCfg = Release|Any CPU
		{2BC36CC3-6669-4E85-9C92-1AF97EF116F3}.Release|Any CPU.Build.0 = Release|Any CPU
	EndGlobalSection
	GlobalSection(NestedProjects) = preSolution
		{39090622-17A9-4509-A615-804CE973A0A7} = {EB8323C8-4A4B-41D5-9241-6507A1C4E9A4}
		{2BC36CC3-6669-4E85-9C92-1AF97EF116F3} = {9D34D14E-6B82-4F77-81C0-95DD25046C21}
	EndGlobalSection
EndGlobal
